// !$*UTF8*$!
{
	archiveVersion = 1;
	classes = {
	};
	objectVersion = 56;
	objects = {

/* Begin PBXBuildFile section */
		C31A414229A7917400D30595 /* AddSkuView.swift in Sources */ = {isa = PBXBuildFile; fileRef = C31A414129A7917400D30595 /* AddSkuView.swift */; };
		C33F9E1A29B60DC400C542F8 /* SelectedExample.swift in Sources */ = {isa = PBXBuildFile; fileRef = C33F9E1929B60DC400C542F8 /* SelectedExample.swift */; };
		C33F9E1C29B6EF0C00C542F8 /* SelectedExample2.swift in Sources */ = {isa = PBXBuildFile; fileRef = C33F9E1B29B6EF0C00C542F8 /* SelectedExample2.swift */; };
		C3418F8E29B0EE6C00B5DB3A /* ColorEntity+CoreDataClass.swift in Sources */ = {isa = PBXBuildFile; fileRef = C3418F8C29B0EE6C00B5DB3A /* ColorEntity+CoreDataClass.swift */; };
		C3418F8F29B0EE6C00B5DB3A /* ColorEntity+CoreDataProperties.swift in Sources */ = {isa = PBXBuildFile; fileRef = C3418F8D29B0EE6C00B5DB3A /* ColorEntity+CoreDataProperties.swift */; };
		C3418F9129B23F1500B5DB3A /* ColorEntity+CoreDataProperties.swift in Sources */ = {isa = PBXBuildFile; fileRef = C3418F9029B23F1500B5DB3A /* ColorEntity+CoreDataProperties.swift */; };
		C341FE3B29BADE65005A87C1 /* DetailExample.swift in Sources */ = {isa = PBXBuildFile; fileRef = C341FE3A29BADE65005A87C1 /* DetailExample.swift */; };
		C35E7B9529B9FB220014B64E /* SizeViewClothes.swift in Sources */ = {isa = PBXBuildFile; fileRef = C35E7B9429B9FB220014B64E /* SizeViewClothes.swift */; };
		C35E7B9729BA0EA50014B64E /* SizeExample.swift in Sources */ = {isa = PBXBuildFile; fileRef = C35E7B9629BA0EA50014B64E /* SizeExample.swift */; };
		C3B3B1E529A8DC4200CA5663 /* EditSkuView.swift in Sources */ = {isa = PBXBuildFile; fileRef = C3B3B1E429A8DC4200CA5663 /* EditSkuView.swift */; };
		C3B3B1E729A8E25600CA5663 /* Sorting.swift in Sources */ = {isa = PBXBuildFile; fileRef = C3B3B1E629A8E25600CA5663 /* Sorting.swift */; };
		C3B3B1EA29AA174300CA5663 /* PredicateViewDemo.swift in Sources */ = {isa = PBXBuildFile; fileRef = C3B3B1E929AA174300CA5663 /* PredicateViewDemo.swift */; };
		C3B3B1EC29AA272400CA5663 /* FilteredList.swift in Sources */ = {isa = PBXBuildFile; fileRef = C3B3B1EB29AA272400CA5663 /* FilteredList.swift */; };
		C3B3B1F329AA29E200CA5663 /* Sku+CoreDataClass.swift in Sources */ = {isa = PBXBuildFile; fileRef = C3B3B1F129AA29E200CA5663 /* Sku+CoreDataClass.swift */; };
		C3B3B1F429AA29E200CA5663 /* Sku+CoreDataProperties.swift in Sources */ = {isa = PBXBuildFile; fileRef = C3B3B1F229AA29E200CA5663 /* Sku+CoreDataProperties.swift */; };
		C3B3B1F629ACB63F00CA5663 /* AddView.swift in Sources */ = {isa = PBXBuildFile; fileRef = C3B3B1F529ACB63F00CA5663 /* AddView.swift */; };
		C3B3B20429ACE3BE00CA5663 /* FirstExample.swift in Sources */ = {isa = PBXBuildFile; fileRef = C3B3B20329ACE3BE00CA5663 /* FirstExample.swift */; };
		C3B45A4929A62EBD00D4153F /* TestSample.swift in Sources */ = {isa = PBXBuildFile; fileRef = C3B45A4829A62EBD00D4153F /* TestSample.swift */; };
		C3C4352A299FA01000ACE9D1 /* JSONDemoApp.swift in Sources */ = {isa = PBXBuildFile; fileRef = C3C43529299FA01000ACE9D1 /* JSONDemoApp.swift */; };
		C3C4352C299FA01000ACE9D1 /* ContentView.swift in Sources */ = {isa = PBXBuildFile; fileRef = C3C4352B299FA01000ACE9D1 /* ContentView.swift */; };
		C3C4352E299FA01100ACE9D1 /* Assets.xcassets in Resources */ = {isa = PBXBuildFile; fileRef = C3C4352D299FA01100ACE9D1 /* Assets.xcassets */; };
		C3C43531299FA01100ACE9D1 /* Preview Assets.xcassets in Resources */ = {isa = PBXBuildFile; fileRef = C3C43530299FA01100ACE9D1 /* Preview Assets.xcassets */; };
		C3C4353B299FA18600ACE9D1 /* JSONManager.swift in Sources */ = {isa = PBXBuildFile; fileRef = C3C4353A299FA18600ACE9D1 /* JSONManager.swift */; };
		C3C4353D299FA74400ACE9D1 /* example.json in Resources */ = {isa = PBXBuildFile; fileRef = C3C4353C299FA74400ACE9D1 /* example.json */; };
		C3C4353F299FA81600ACE9D1 /* DetailViewSample.swift in Sources */ = {isa = PBXBuildFile; fileRef = C3C4353E299FA81600ACE9D1 /* DetailViewSample.swift */; };
		C3C4354229A237A000ACE9D1 /* Model.xcdatamodeld in Sources */ = {isa = PBXBuildFile; fileRef = C3C4354029A237A000ACE9D1 /* Model.xcdatamodeld */; };
		C3C4354429A23AD200ACE9D1 /* CoredataStack.swift in Sources */ = {isa = PBXBuildFile; fileRef = C3C4354329A23AD200ACE9D1 /* CoredataStack.swift */; };
		C3C4354629A247A500ACE9D1 /* OneToOneView.swift in Sources */ = {isa = PBXBuildFile; fileRef = C3C4354529A247A500ACE9D1 /* OneToOneView.swift */; };
		C3C4354829A2480700ACE9D1 /* RegistSampleData.swift in Sources */ = {isa = PBXBuildFile; fileRef = C3C4354729A2480700ACE9D1 /* RegistSampleData.swift */; };
		C3C4355229A2546300ACE9D1 /* OneToMany.swift in Sources */ = {isa = PBXBuildFile; fileRef = C3C4355129A2546300ACE9D1 /* OneToMany.swift */; };
		C3C4355429A25CCA00ACE9D1 /* StudentsList.swift in Sources */ = {isa = PBXBuildFile; fileRef = C3C4355329A25CCA00ACE9D1 /* StudentsList.swift */; };
		C3C4355629A25D0D00ACE9D1 /* OneToOneSearchSort.swift in Sources */ = {isa = PBXBuildFile; fileRef = C3C4355529A25D0D00ACE9D1 /* OneToOneSearchSort.swift */; };
		C3CABFAF29B45066004E9CDD /* DetailView.swift in Sources */ = {isa = PBXBuildFile; fileRef = C3CABFAE29B45066004E9CDD /* DetailView.swift */; };
		C3CABFB129B46463004E9CDD /* ExampleGeomery.swift in Sources */ = {isa = PBXBuildFile; fileRef = C3CABFB029B46463004E9CDD /* ExampleGeomery.swift */; };
		C3CABFB729B4EB97004E9CDD /* ColorListView.swift in Sources */ = {isa = PBXBuildFile; fileRef = C3CABFB629B4EB97004E9CDD /* ColorListView.swift */; };
		C3CFC3E029ACF88C00148522 /* Flow in Frameworks */ = {isa = PBXBuildFile; productRef = C3CFC3DF29ACF88C00148522 /* Flow */; };
/* End PBXBuildFile section */

/* Begin PBXFileReference section */
		C31A414129A7917400D30595 /* AddSkuView.swift */ = {isa = PBXFileReference; lastKnownFileType = sourcecode.swift; path = AddSkuView.swift; sourceTree = "<group>"; };
		C33F9E1929B60DC400C542F8 /* SelectedExample.swift */ = {isa = PBXFileReference; lastKnownFileType = sourcecode.swift; path = SelectedExample.swift; sourceTree = "<group>"; };
		C33F9E1B29B6EF0C00C542F8 /* SelectedExample2.swift */ = {isa = PBXFileReference; lastKnownFileType = sourcecode.swift; path = SelectedExample2.swift; sourceTree = "<group>"; };
		C3418F8C29B0EE6C00B5DB3A /* ColorEntity+CoreDataClass.swift */ = {isa = PBXFileReference; lastKnownFileType = sourcecode.swift; path = "ColorEntity+CoreDataClass.swift"; sourceTree = "<group>"; };
		C3418F8D29B0EE6C00B5DB3A /* ColorEntity+CoreDataProperties.swift */ = {isa = PBXFileReference; lastKnownFileType = sourcecode.swift; path = "ColorEntity+CoreDataProperties.swift"; sourceTree = "<group>"; };
		C3418F9029B23F1500B5DB3A /* ColorEntity+CoreDataProperties.swift */ = {isa = PBXFileReference; lastKnownFileType = sourcecode.swift; name = "ColorEntity+CoreDataProperties.swift"; path = "JSONDemo/Model/ColorEntity+CoreDataProperties.swift"; sourceTree = "<group>"; };
		C341FE3A29BADE65005A87C1 /* DetailExample.swift */ = {isa = PBXFileReference; lastKnownFileType = sourcecode.swift; path = DetailExample.swift; sourceTree = "<group>"; };
		C35E7B9429B9FB220014B64E /* SizeViewClothes.swift */ = {isa = PBXFileReference; lastKnownFileType = sourcecode.swift; path = SizeViewClothes.swift; sourceTree = "<group>"; };
		C35E7B9629BA0EA50014B64E /* SizeExample.swift */ = {isa = PBXFileReference; lastKnownFileType = sourcecode.swift; path = SizeExample.swift; sourceTree = "<group>"; };
		C3B3B1E429A8DC4200CA5663 /* EditSkuView.swift */ = {isa = PBXFileReference; lastKnownFileType = sourcecode.swift; path = EditSkuView.swift; sourceTree = "<group>"; };
		C3B3B1E629A8E25600CA5663 /* Sorting.swift */ = {isa = PBXFileReference; lastKnownFileType = sourcecode.swift; path = Sorting.swift; sourceTree = "<group>"; };
		C3B3B1E929AA174300CA5663 /* PredicateViewDemo.swift */ = {isa = PBXFileReference; lastKnownFileType = sourcecode.swift; path = PredicateViewDemo.swift; sourceTree = "<group>"; };
		C3B3B1EB29AA272400CA5663 /* FilteredList.swift */ = {isa = PBXFileReference; lastKnownFileType = sourcecode.swift; path = FilteredList.swift; sourceTree = "<group>"; };
		C3B3B1F129AA29E200CA5663 /* Sku+CoreDataClass.swift */ = {isa = PBXFileReference; lastKnownFileType = sourcecode.swift; path = "Sku+CoreDataClass.swift"; sourceTree = "<group>"; };
		C3B3B1F229AA29E200CA5663 /* Sku+CoreDataProperties.swift */ = {isa = PBXFileReference; lastKnownFileType = sourcecode.swift; path = "Sku+CoreDataProperties.swift"; sourceTree = "<group>"; };
		C3B3B1F529ACB63F00CA5663 /* AddView.swift */ = {isa = PBXFileReference; lastKnownFileType = sourcecode.swift; path = AddView.swift; sourceTree = "<group>"; };
		C3B3B20329ACE3BE00CA5663 /* FirstExample.swift */ = {isa = PBXFileReference; lastKnownFileType = sourcecode.swift; path = FirstExample.swift; sourceTree = "<group>"; };
		C3B45A4829A62EBD00D4153F /* TestSample.swift */ = {isa = PBXFileReference; lastKnownFileType = sourcecode.swift; path = TestSample.swift; sourceTree = "<group>"; };
		C3C43526299FA01000ACE9D1 /* JSONDemo.app */ = {isa = PBXFileReference; explicitFileType = wrapper.application; includeInIndex = 0; path = JSONDemo.app; sourceTree = BUILT_PRODUCTS_DIR; };
		C3C43529299FA01000ACE9D1 /* JSONDemoApp.swift */ = {isa = PBXFileReference; lastKnownFileType = sourcecode.swift; path = JSONDemoApp.swift; sourceTree = "<group>"; };
		C3C4352B299FA01000ACE9D1 /* ContentView.swift */ = {isa = PBXFileReference; lastKnownFileType = sourcecode.swift; path = ContentView.swift; sourceTree = "<group>"; };
		C3C4352D299FA01100ACE9D1 /* Assets.xcassets */ = {isa = PBXFileReference; lastKnownFileType = folder.assetcatalog; path = Assets.xcassets; sourceTree = "<group>"; };
		C3C43530299FA01100ACE9D1 /* Preview Assets.xcassets */ = {isa = PBXFileReference; lastKnownFileType = folder.assetcatalog; path = "Preview Assets.xcassets"; sourceTree = "<group>"; };
		C3C4353A299FA18600ACE9D1 /* JSONManager.swift */ = {isa = PBXFileReference; lastKnownFileType = sourcecode.swift; path = JSONManager.swift; sourceTree = "<group>"; };
		C3C4353C299FA74400ACE9D1 /* example.json */ = {isa = PBXFileReference; lastKnownFileType = text.json; path = example.json; sourceTree = "<group>"; };
		C3C4353E299FA81600ACE9D1 /* DetailViewSample.swift */ = {isa = PBXFileReference; lastKnownFileType = sourcecode.swift; path = DetailViewSample.swift; sourceTree = "<group>"; };
		C3C4354129A237A000ACE9D1 /* Model.xcdatamodel */ = {isa = PBXFileReference; lastKnownFileType = wrapper.xcdatamodel; path = Model.xcdatamodel; sourceTree = "<group>"; };
		C3C4354329A23AD200ACE9D1 /* CoredataStack.swift */ = {isa = PBXFileReference; lastKnownFileType = sourcecode.swift; path = CoredataStack.swift; sourceTree = "<group>"; };
		C3C4354529A247A500ACE9D1 /* OneToOneView.swift */ = {isa = PBXFileReference; lastKnownFileType = sourcecode.swift; path = OneToOneView.swift; sourceTree = "<group>"; };
		C3C4354729A2480700ACE9D1 /* RegistSampleData.swift */ = {isa = PBXFileReference; lastKnownFileType = sourcecode.swift; path = RegistSampleData.swift; sourceTree = "<group>"; };
		C3C4355129A2546300ACE9D1 /* OneToMany.swift */ = {isa = PBXFileReference; lastKnownFileType = sourcecode.swift; path = OneToMany.swift; sourceTree = "<group>"; };
		C3C4355329A25CCA00ACE9D1 /* StudentsList.swift */ = {isa = PBXFileReference; lastKnownFileType = sourcecode.swift; path = StudentsList.swift; sourceTree = "<group>"; };
		C3C4355529A25D0D00ACE9D1 /* OneToOneSearchSort.swift */ = {isa = PBXFileReference; lastKnownFileType = sourcecode.swift; path = OneToOneSearchSort.swift; sourceTree = "<group>"; };
		C3CABFAE29B45066004E9CDD /* DetailView.swift */ = {isa = PBXFileReference; lastKnownFileType = sourcecode.swift; path = DetailView.swift; sourceTree = "<group>"; };
		C3CABFB029B46463004E9CDD /* ExampleGeomery.swift */ = {isa = PBXFileReference; lastKnownFileType = sourcecode.swift; path = ExampleGeomery.swift; sourceTree = "<group>"; };
		C3CABFB629B4EB97004E9CDD /* ColorListView.swift */ = {isa = PBXFileReference; lastKnownFileType = sourcecode.swift; path = ColorListView.swift; sourceTree = "<group>"; };
/* End PBXFileReference section */

/* Begin PBXFrameworksBuildPhase section */
		C3C43523299FA01000ACE9D1 /* Frameworks */ = {
			isa = PBXFrameworksBuildPhase;
			buildActionMask = 2147483647;
			files = (
				C3CFC3E029ACF88C00148522 /* Flow in Frameworks */,
			);
			runOnlyForDeploymentPostprocessing = 0;
		};
/* End PBXFrameworksBuildPhase section */

/* Begin PBXGroup section */
		C3B3B1E329A8DC2800CA5663 /* SkuView */ = {
			isa = PBXGroup;
			children = (
				C3B45A4829A62EBD00D4153F /* TestSample.swift */,
				C3B3B1F529ACB63F00CA5663 /* AddView.swift */,
				C35E7B9429B9FB220014B64E /* SizeViewClothes.swift */,
				C35E7B9629BA0EA50014B64E /* SizeExample.swift */,
				C3CABFB629B4EB97004E9CDD /* ColorListView.swift */,
				C3CABFAE29B45066004E9CDD /* DetailView.swift */,
				C341FE3A29BADE65005A87C1 /* DetailExample.swift */,
				C3B3B1EB29AA272400CA5663 /* FilteredList.swift */,
				C3B3B1E629A8E25600CA5663 /* Sorting.swift */,
				C31A414129A7917400D30595 /* AddSkuView.swift */,
				C3B3B1E429A8DC4200CA5663 /* EditSkuView.swift */,
			);
			path = SkuView;
			sourceTree = "<group>";
		};
		C3B3B1E829AA171700CA5663 /* Example */ = {
			isa = PBXGroup;
			children = (
				C3B3B1E929AA174300CA5663 /* PredicateViewDemo.swift */,
				C3B3B20329ACE3BE00CA5663 /* FirstExample.swift */,
				C33F9E1929B60DC400C542F8 /* SelectedExample.swift */,
				C33F9E1B29B6EF0C00C542F8 /* SelectedExample2.swift */,
				C3CABFB029B46463004E9CDD /* ExampleGeomery.swift */,
			);
			path = Example;
			sourceTree = "<group>";
		};
		C3B3B1F729ACD6C400CA5663 /* Helper */ = {
			isa = PBXGroup;
			children = (
			);
			path = Helper;
			sourceTree = "<group>";
		};
		C3C4351D299FA01000ACE9D1 = {
			isa = PBXGroup;
			children = (
				C3418F9029B23F1500B5DB3A /* ColorEntity+CoreDataProperties.swift */,
				C3C43528299FA01000ACE9D1 /* JSONDemo */,
				C3C43527299FA01000ACE9D1 /* Products */,
			);
			sourceTree = "<group>";
		};
		C3C43527299FA01000ACE9D1 /* Products */ = {
			isa = PBXGroup;
			children = (
				C3C43526299FA01000ACE9D1 /* JSONDemo.app */,
			);
			name = Products;
			sourceTree = "<group>";
		};
		C3C43528299FA01000ACE9D1 /* JSONDemo */ = {
			isa = PBXGroup;
			children = (
				C3C43529299FA01000ACE9D1 /* JSONDemoApp.swift */,
				C3C4355129A2546300ACE9D1 /* OneToMany.swift */,
				C3C4352B299FA01000ACE9D1 /* ContentView.swift */,
				C3C4354529A247A500ACE9D1 /* OneToOneView.swift */,
				C3B3B1F729ACD6C400CA5663 /* Helper */,
				C3C4355529A25D0D00ACE9D1 /* OneToOneSearchSort.swift */,
				C3B3B1E829AA171700CA5663 /* Example */,
				C3B3B1E329A8DC2800CA5663 /* SkuView */,
				C3C4355329A25CCA00ACE9D1 /* StudentsList.swift */,
				C3C4353E299FA81600ACE9D1 /* DetailViewSample.swift */,
				C3C43537299FA11100ACE9D1 /* Model */,
				C3C4352D299FA01100ACE9D1 /* Assets.xcassets */,
				C3C4352F299FA01100ACE9D1 /* Preview Content */,
			);
			path = JSONDemo;
			sourceTree = "<group>";
		};
		C3C4352F299FA01100ACE9D1 /* Preview Content */ = {
			isa = PBXGroup;
			children = (
				C3C43530299FA01100ACE9D1 /* Preview Assets.xcassets */,
			);
			path = "Preview Content";
			sourceTree = "<group>";
		};
		C3C43537299FA11100ACE9D1 /* Model */ = {
			isa = PBXGroup;
			children = (
				C3418F8C29B0EE6C00B5DB3A /* ColorEntity+CoreDataClass.swift */,
				C3418F8D29B0EE6C00B5DB3A /* ColorEntity+CoreDataProperties.swift */,
				C3B3B1F129AA29E200CA5663 /* Sku+CoreDataClass.swift */,
				C3B3B1F229AA29E200CA5663 /* Sku+CoreDataProperties.swift */,
				C3C4354029A237A000ACE9D1 /* Model.xcdatamodeld */,
				C3C4354329A23AD200ACE9D1 /* CoredataStack.swift */,
				C3C4354729A2480700ACE9D1 /* RegistSampleData.swift */,
				C3C4353C299FA74400ACE9D1 /* example.json */,
				C3C4353A299FA18600ACE9D1 /* JSONManager.swift */,
			);
			path = Model;
			sourceTree = "<group>";
		};
/* End PBXGroup section */

/* Begin PBXNativeTarget section */
		C3C43525299FA01000ACE9D1 /* JSONDemo */ = {
			isa = PBXNativeTarget;
			buildConfigurationList = C3C43534299FA01100ACE9D1 /* Build configuration list for PBXNativeTarget "JSONDemo" */;
			buildPhases = (
				C3C43522299FA01000ACE9D1 /* Sources */,
				C3C43523299FA01000ACE9D1 /* Frameworks */,
				C3C43524299FA01000ACE9D1 /* Resources */,
			);
			buildRules = (
			);
			dependencies = (
			);
			name = JSONDemo;
			packageProductDependencies = (
				C3CFC3DF29ACF88C00148522 /* Flow */,
			);
			productName = JSONDemo;
			productReference = C3C43526299FA01000ACE9D1 /* JSONDemo.app */;
			productType = "com.apple.product-type.application";
		};
/* End PBXNativeTarget section */

/* Begin PBXProject section */
		C3C4351E299FA01000ACE9D1 /* Project object */ = {
			isa = PBXProject;
			attributes = {
				BuildIndependentTargetsInParallel = 1;
				LastSwiftUpdateCheck = 1420;
				LastUpgradeCheck = 1420;
				TargetAttributes = {
					C3C43525299FA01000ACE9D1 = {
						CreatedOnToolsVersion = 14.2;
					};
				};
			};
			buildConfigurationList = C3C43521299FA01000ACE9D1 /* Build configuration list for PBXProject "JSONDemo" */;
			compatibilityVersion = "Xcode 14.0";
			developmentRegion = en;
			hasScannedForEncodings = 0;
			knownRegions = (
				en,
				Base,
			);
			mainGroup = C3C4351D299FA01000ACE9D1;
			packageReferences = (
				C3CFC3DE29ACF88C00148522 /* XCRemoteSwiftPackageReference "SwiftUI-Flow" */,
			);
			productRefGroup = C3C43527299FA01000ACE9D1 /* Products */;
			projectDirPath = "";
			projectRoot = "";
			targets = (
				C3C43525299FA01000ACE9D1 /* JSONDemo */,
			);
		};
/* End PBXProject section */

/* Begin PBXResourcesBuildPhase section */
		C3C43524299FA01000ACE9D1 /* Resources */ = {
			isa = PBXResourcesBuildPhase;
			buildActionMask = 2147483647;
			files = (
				C3C43531299FA01100ACE9D1 /* Preview Assets.xcassets in Resources */,
				C3C4352E299FA01100ACE9D1 /* Assets.xcassets in Resources */,
				C3C4353D299FA74400ACE9D1 /* example.json in Resources */,
			);
			runOnlyForDeploymentPostprocessing = 0;
		};
/* End PBXResourcesBuildPhase section */

/* Begin PBXSourcesBuildPhase section */
		C3C43522299FA01000ACE9D1 /* Sources */ = {
			isa = PBXSourcesBuildPhase;
			buildActionMask = 2147483647;
			files = (
				C3418F8E29B0EE6C00B5DB3A /* ColorEntity+CoreDataClass.swift in Sources */,
				C3C4353B299FA18600ACE9D1 /* JSONManager.swift in Sources */,
				C3CABFB729B4EB97004E9CDD /* ColorListView.swift in Sources */,
				C35E7B9729BA0EA50014B64E /* SizeExample.swift in Sources */,
				C3418F8F29B0EE6C00B5DB3A /* ColorEntity+CoreDataProperties.swift in Sources */,
				C31A414229A7917400D30595 /* AddSkuView.swift in Sources */,
				C3C4353F299FA81600ACE9D1 /* DetailViewSample.swift in Sources */,
				C3B3B1F329AA29E200CA5663 /* Sku+CoreDataClass.swift in Sources */,
				C3B3B1EA29AA174300CA5663 /* PredicateViewDemo.swift in Sources */,
				C3C4354229A237A000ACE9D1 /* Model.xcdatamodeld in Sources */,
				C3CABFAF29B45066004E9CDD /* DetailView.swift in Sources */,
				C3C4354829A2480700ACE9D1 /* RegistSampleData.swift in Sources */,
				C3B45A4929A62EBD00D4153F /* TestSample.swift in Sources */,
				C341FE3B29BADE65005A87C1 /* DetailExample.swift in Sources */,
				C3C4352C299FA01000ACE9D1 /* ContentView.swift in Sources */,
				C3C4355429A25CCA00ACE9D1 /* StudentsList.swift in Sources */,
				C3C4352A299FA01000ACE9D1 /* JSONDemoApp.swift in Sources */,
				C3B3B1E729A8E25600CA5663 /* Sorting.swift in Sources */,
				C3CABFB129B46463004E9CDD /* ExampleGeomery.swift in Sources */,
				C3418F9129B23F1500B5DB3A /* ColorEntity+CoreDataProperties.swift in Sources */,
				C3B3B1F629ACB63F00CA5663 /* AddView.swift in Sources */,
				C3C4354629A247A500ACE9D1 /* OneToOneView.swift in Sources */,
				C33F9E1C29B6EF0C00C542F8 /* SelectedExample2.swift in Sources */,
				C3B3B1E529A8DC4200CA5663 /* EditSkuView.swift in Sources */,
				C3C4355629A25D0D00ACE9D1 /* OneToOneSearchSort.swift in Sources */,
				C3B3B20429ACE3BE00CA5663 /* FirstExample.swift in Sources */,
				C3C4355229A2546300ACE9D1 /* OneToMany.swift in Sources */,
				C3B3B1EC29AA272400CA5663 /* FilteredList.swift in Sources */,
				C33F9E1A29B60DC400C542F8 /* SelectedExample.swift in Sources */,
				C3B3B1F429AA29E200CA5663 /* Sku+CoreDataProperties.swift in Sources */,
				C35E7B9529B9FB220014B64E /* SizeViewClothes.swift in Sources */,
				C3C4354429A23AD200ACE9D1 /* CoredataStack.swift in Sources */,
			);
			runOnlyForDeploymentPostprocessing = 0;
		};
/* End PBXSourcesBuildPhase section */

/* Begin XCBuildConfiguration section */
		C3C43532299FA01100ACE9D1 /* Debug */ = {
			isa = XCBuildConfiguration;
			buildSettings = {
				ALWAYS_SEARCH_USER_PATHS = NO;
				CLANG_ANALYZER_NONNULL = YES;
				CLANG_ANALYZER_NUMBER_OBJECT_CONVERSION = YES_AGGRESSIVE;
				CLANG_CXX_LANGUAGE_STANDARD = "gnu++20";
				CLANG_ENABLE_MODULES = YES;
				CLANG_ENABLE_OBJC_ARC = YES;
				CLANG_ENABLE_OBJC_WEAK = YES;
				CLANG_WARN_BLOCK_CAPTURE_AUTORELEASING = YES;
				CLANG_WARN_BOOL_CONVERSION = YES;
				CLANG_WARN_COMMA = YES;
				CLANG_WARN_CONSTANT_CONVERSION = YES;
				CLANG_WARN_DEPRECATED_OBJC_IMPLEMENTATIONS = YES;
				CLANG_WARN_DIRECT_OBJC_ISA_USAGE = YES_ERROR;
				CLANG_WARN_DOCUMENTATION_COMMENTS = YES;
				CLANG_WARN_EMPTY_BODY = YES;
				CLANG_WARN_ENUM_CONVERSION = YES;
				CLANG_WARN_INFINITE_RECURSION = YES;
				CLANG_WARN_INT_CONVERSION = YES;
				CLANG_WARN_NON_LITERAL_NULL_CONVERSION = YES;
				CLANG_WARN_OBJC_IMPLICIT_RETAIN_SELF = YES;
				CLANG_WARN_OBJC_LITERAL_CONVERSION = YES;
				CLANG_WARN_OBJC_ROOT_CLASS = YES_ERROR;
				CLANG_WARN_QUOTED_INCLUDE_IN_FRAMEWORK_HEADER = YES;
				CLANG_WARN_RANGE_LOOP_ANALYSIS = YES;
				CLANG_WARN_STRICT_PROTOTYPES = YES;
				CLANG_WARN_SUSPICIOUS_MOVE = YES;
				CLANG_WARN_UNGUARDED_AVAILABILITY = YES_AGGRESSIVE;
				CLANG_WARN_UNREACHABLE_CODE = YES;
				CLANG_WARN__DUPLICATE_METHOD_MATCH = YES;
				COPY_PHASE_STRIP = NO;
				DEBUG_INFORMATION_FORMAT = dwarf;
				ENABLE_STRICT_OBJC_MSGSEND = YES;
				ENABLE_TESTABILITY = YES;
				ENABLE_TESTING_SEARCH_PATHS = YES;
				GCC_C_LANGUAGE_STANDARD = gnu11;
				GCC_DYNAMIC_NO_PIC = NO;
				GCC_NO_COMMON_BLOCKS = YES;
				GCC_OPTIMIZATION_LEVEL = 0;
				GCC_PREPROCESSOR_DEFINITIONS = (
					"DEBUG=1",
					"$(inherited)",
				);
				GCC_WARN_64_TO_32_BIT_CONVERSION = YES;
				GCC_WARN_ABOUT_RETURN_TYPE = YES_ERROR;
				GCC_WARN_UNDECLARED_SELECTOR = YES;
				GCC_WARN_UNINITIALIZED_AUTOS = YES_AGGRESSIVE;
				GCC_WARN_UNUSED_FUNCTION = YES;
				GCC_WARN_UNUSED_VARIABLE = YES;
				IPHONEOS_DEPLOYMENT_TARGET = 16.3;
				MTL_ENABLE_DEBUG_INFO = INCLUDE_SOURCE;
				MTL_FAST_MATH = YES;
				ONLY_ACTIVE_ARCH = YES;
				SDKROOT = iphoneos;
				SWIFT_ACTIVE_COMPILATION_CONDITIONS = DEBUG;
				SWIFT_OPTIMIZATION_LEVEL = "-Onone";
			};
			name = Debug;
		};
		C3C43533299FA01100ACE9D1 /* Release */ = {
			isa = XCBuildConfiguration;
			buildSettings = {
				ALWAYS_SEARCH_USER_PATHS = NO;
				CLANG_ANALYZER_NONNULL = YES;
				CLANG_ANALYZER_NUMBER_OBJECT_CONVERSION = YES_AGGRESSIVE;
				CLANG_CXX_LANGUAGE_STANDARD = "gnu++20";
				CLANG_ENABLE_MODULES = YES;
				CLANG_ENABLE_OBJC_ARC = YES;
				CLANG_ENABLE_OBJC_WEAK = YES;
				CLANG_WARN_BLOCK_CAPTURE_AUTORELEASING = YES;
				CLANG_WARN_BOOL_CONVERSION = YES;
				CLANG_WARN_COMMA = YES;
				CLANG_WARN_CONSTANT_CONVERSION = YES;
				CLANG_WARN_DEPRECATED_OBJC_IMPLEMENTATIONS = YES;
				CLANG_WARN_DIRECT_OBJC_ISA_USAGE = YES_ERROR;
				CLANG_WARN_DOCUMENTATION_COMMENTS = YES;
				CLANG_WARN_EMPTY_BODY = YES;
				CLANG_WARN_ENUM_CONVERSION = YES;
				CLANG_WARN_INFINITE_RECURSION = YES;
				CLANG_WARN_INT_CONVERSION = YES;
				CLANG_WARN_NON_LITERAL_NULL_CONVERSION = YES;
				CLANG_WARN_OBJC_IMPLICIT_RETAIN_SELF = YES;
				CLANG_WARN_OBJC_LITERAL_CONVERSION = YES;
				CLANG_WARN_OBJC_ROOT_CLASS = YES_ERROR;
				CLANG_WARN_QUOTED_INCLUDE_IN_FRAMEWORK_HEADER = YES;
				CLANG_WARN_RANGE_LOOP_ANALYSIS = YES;
				CLANG_WARN_STRICT_PROTOTYPES = YES;
				CLANG_WARN_SUSPICIOUS_MOVE = YES;
				CLANG_WARN_UNGUARDED_AVAILABILITY = YES_AGGRESSIVE;
				CLANG_WARN_UNREACHABLE_CODE = YES;
				CLANG_WARN__DUPLICATE_METHOD_MATCH = YES;
				COPY_PHASE_STRIP = NO;
				DEBUG_INFORMATION_FORMAT = "dwarf-with-dsym";
				ENABLE_NS_ASSERTIONS = NO;
				ENABLE_STRICT_OBJC_MSGSEND = YES;
				ENABLE_TESTING_SEARCH_PATHS = YES;
				GCC_C_LANGUAGE_STANDARD = gnu11;
				GCC_NO_COMMON_BLOCKS = YES;
				GCC_WARN_64_TO_32_BIT_CONVERSION = YES;
				GCC_WARN_ABOUT_RETURN_TYPE = YES_ERROR;
				GCC_WARN_UNDECLARED_SELECTOR = YES;
				GCC_WARN_UNINITIALIZED_AUTOS = YES_AGGRESSIVE;
				GCC_WARN_UNUSED_FUNCTION = YES;
				GCC_WARN_UNUSED_VARIABLE = YES;
				IPHONEOS_DEPLOYMENT_TARGET = 16.3;
				MTL_ENABLE_DEBUG_INFO = NO;
				MTL_FAST_MATH = YES;
				SDKROOT = iphoneos;
				SWIFT_COMPILATION_MODE = wholemodule;
				SWIFT_OPTIMIZATION_LEVEL = "-O";
				VALIDATE_PRODUCT = YES;
			};
			name = Release;
		};
		C3C43535299FA01100ACE9D1 /* Debug */ = {
			isa = XCBuildConfiguration;
			buildSettings = {
				ASSETCATALOG_COMPILER_APPICON_NAME = AppIcon;
				ASSETCATALOG_COMPILER_GLOBAL_ACCENT_COLOR_NAME = AccentColor;
				CODE_SIGN_STYLE = Automatic;
				CURRENT_PROJECT_VERSION = 1;
				DEVELOPMENT_ASSET_PATHS = "\"JSONDemo/Preview Content\"";
				DEVELOPMENT_TEAM = ZD8RCDB2Y6;
				ENABLE_PREVIEWS = YES;
				GENERATE_INFOPLIST_FILE = YES;
				INFOPLIST_KEY_UIApplicationSceneManifest_Generation = YES;
				INFOPLIST_KEY_UIApplicationSupportsIndirectInputEvents = YES;
				INFOPLIST_KEY_UILaunchScreen_Generation = YES;
				INFOPLIST_KEY_UISupportedInterfaceOrientations_iPad = "UIInterfaceOrientationPortrait UIInterfaceOrientationPortraitUpsideDown UIInterfaceOrientationLandscapeLeft UIInterfaceOrientationLandscapeRight";
				INFOPLIST_KEY_UISupportedInterfaceOrientations_iPhone = "UIInterfaceOrientationPortrait UIInterfaceOrientationLandscapeLeft UIInterfaceOrientationLandscapeRight";
				LD_RUNPATH_SEARCH_PATHS = (
					"$(inherited)",
					"@executable_path/Frameworks",
				);
				MARKETING_VERSION = 1.0;
				PRODUCT_BUNDLE_IDENTIFIER = nengqixia.com.JSONDemo;
				PRODUCT_NAME = "$(TARGET_NAME)";
				SWIFT_EMIT_LOC_STRINGS = YES;
				SWIFT_VERSION = 5.0;
				TARGETED_DEVICE_FAMILY = "1,2";
			};
			name = Debug;
		};
		C3C43536299FA01100ACE9D1 /* Release */ = {
			isa = XCBuildConfiguration;
			buildSettings = {
				ASSETCATALOG_COMPILER_APPICON_NAME = AppIcon;
				ASSETCATALOG_COMPILER_GLOBAL_ACCENT_COLOR_NAME = AccentColor;
				CODE_SIGN_STYLE = Automatic;
				CURRENT_PROJECT_VERSION = 1;
				DEVELOPMENT_ASSET_PATHS = "\"JSONDemo/Preview Content\"";
				DEVELOPMENT_TEAM = ZD8RCDB2Y6;
				ENABLE_PREVIEWS = YES;
				GENERATE_INFOPLIST_FILE = YES;
				INFOPLIST_KEY_UIApplicationSceneManifest_Generation = YES;
				INFOPLIST_KEY_UIApplicationSupportsIndirectInputEvents = YES;
				INFOPLIST_KEY_UILaunchScreen_Generation = YES;
				INFOPLIST_KEY_UISupportedInterfaceOrientations_iPad = "UIInterfaceOrientationPortrait UIInterfaceOrientationPortraitUpsideDown UIInterfaceOrientationLandscapeLeft UIInterfaceOrientationLandscapeRight";
				INFOPLIST_KEY_UISupportedInterfaceOrientations_iPhone = "UIInterfaceOrientationPortrait UIInterfaceOrientationLandscapeLeft UIInterfaceOrientationLandscapeRight";
				LD_RUNPATH_SEARCH_PATHS = (
					"$(inherited)",
					"@executable_path/Frameworks",
				);
				MARKETING_VERSION = 1.0;
				PRODUCT_BUNDLE_IDENTIFIER = nengqixia.com.JSONDemo;
				PRODUCT_NAME = "$(TARGET_NAME)";
				SWIFT_EMIT_LOC_STRINGS = YES;
				SWIFT_VERSION = 5.0;
				TARGETED_DEVICE_FAMILY = "1,2";
			};
			name = Release;
		};
/* End XCBuildConfiguration section */

/* Begin XCConfigurationList section */
		C3C43521299FA01000ACE9D1 /* Build configuration list for PBXProject "JSONDemo" */ = {
			isa = XCConfigurationList;
			buildConfigurations = (
				C3C43532299FA01100ACE9D1 /* Debug */,
				C3C43533299FA01100ACE9D1 /* Release */,
			);
			defaultConfigurationIsVisible = 0;
			defaultConfigurationName = Release;
		};
		C3C43534299FA01100ACE9D1 /* Build configuration list for PBXNativeTarget "JSONDemo" */ = {
			isa = XCConfigurationList;
			buildConfigurations = (
				C3C43535299FA01100ACE9D1 /* Debug */,
				C3C43536299FA01100ACE9D1 /* Release */,
			);
			defaultConfigurationIsVisible = 0;
			defaultConfigurationName = Release;
		};
/* End XCConfigurationList section */

/* Begin XCRemoteSwiftPackageReference section */
		C3CFC3DE29ACF88C00148522 /* XCRemoteSwiftPackageReference "SwiftUI-Flow" */ = {
			isa = XCRemoteSwiftPackageReference;
			repositoryURL = "https://github.com/tevelee/SwiftUI-Flow.git";
			requirement = {
				kind = upToNextMajorVersion;
				minimumVersion = 1.0.0;
			};
		};
/* End XCRemoteSwiftPackageReference section */

/* Begin XCSwiftPackageProductDependency section */
		C3CFC3DF29ACF88C00148522 /* Flow */ = {
			isa = XCSwiftPackageProductDependency;
			package = C3CFC3DE29ACF88C00148522 /* XCRemoteSwiftPackageReference "SwiftUI-Flow" */;
			productName = Flow;
		};
/* End XCSwiftPackageProductDependency section */

/* Begin XCVersionGroup section */
		C3C4354029A237A000ACE9D1 /* Model.xcdatamodeld */ = {
			isa = XCVersionGroup;
			children = (
				C3C4354129A237A000ACE9D1 /* Model.xcdatamodel */,
			);
			currentVersion = C3C4354129A237A000ACE9D1 /* Model.xcdatamodel */;
			path = Model.xcdatamodeld;
			sourceTree = "<group>";
			versionGroupType = wrapper.xcdatamodel;
		};
/* End XCVersionGroup section */
	};
	rootObject = C3C4351E299FA01000ACE9D1 /* Project object */;
}
